<?xml version="1.0" encoding="utf-8"?>
<Project ToolsVersion="4.0" xmlns="http://schemas.microsoft.com/developer/msbuild/2003">
  <ItemGroup>
    <Filter Include="Source Files">
      <UniqueIdentifier>{4FC737F1-C7A5-4376-A066-2A32D752A2FF}</UniqueIdentifier>
      <Extensions>cpp;c;cc;cxx;c++;cppm;ixx;def;odl;idl;hpj;bat;asm;asmx</Extensions>
    </Filter>
    <Filter Include="Header Files">
      <UniqueIdentifier>{93995380-89BD-4b04-88EB-625FBE52EBFB}</UniqueIdentifier>
      <Extensions>h;hh;hpp;hxx;h++;hm;inl;inc;ipp;xsd</Extensions>
    </Filter>
    <Filter Include="Resource Files">
      <UniqueIdentifier>{67DA6AB6-F800-4c08-8B7A-83BB121AAD01}</UniqueIdentifier>
      <Extensions>rc;ico;cur;bmp;dlg;rc2;rct;bin;rgs;gif;jpg;jpeg;jpe;resx;tiff;tif;png;wav;mfcribbon-ms</Extensions>
    </Filter>
    <Filter Include="Data">
      <UniqueIdentifier>{4dcb158e-7e40-4563-9056-44a4abf92c11}</UniqueIdentifier>
    </Filter>
    <Filter Include="OpenGL">
      <UniqueIdentifier>{a3f43ea8-864f-47d7-af75-68083a0f770a}</UniqueIdentifier>
    </Filter>
    <Filter Include="OpenGL\Libraries">
      <UniqueIdentifier>{6f06e722-2a88-4b4f-be0c-3a33c6a20383}</UniqueIdentifier>
    </Filter>
    <Filter Include="OpenGL\Libraries\include">
      <UniqueIdentifier>{2f615f99-a827-4536-8916-15996f75298d}</UniqueIdentifier>
    </Filter>
    <Filter Include="OpenGL\Libraries\include\stb">
      <UniqueIdentifier>{89e3fb89-4f10-4763-b815-35769fb2340f}</UniqueIdentifier>
    </Filter>
    <Filter Include="OpenGL\Header Files">
      <UniqueIdentifier>{eaea54f8-5859-4a5c-9c34-6a02dd079f69}</UniqueIdentifier>
    </Filter>
    <Filter Include="OpenGL\Source Files">
      <UniqueIdentifier>{2f240341-b2c5-41a0-8031-0c7c8478b115}</UniqueIdentifier>
    </Filter>
    <Filter Include="OpenGL\Resources">
      <UniqueIdentifier>{fb6e7cd9-4678-4ac6-a42e-e55925b7a8a3}</UniqueIdentifier>
    </Filter>
    <Filter Include="OpenGL\Resources\Shaders">
      <UniqueIdentifier>{6aac5c03-680d-4550-a71a-9f8a5c85fd4f}</UniqueIdentifier>
    </Filter>
  </ItemGroup>
  <ItemGroup>
    <ClInclude Include="Tree.h">
      <Filter>Header Files</Filter>
    </ClInclude>
    <ClInclude Include="Constants.h">
      <Filter>Header Files</Filter>
    </ClInclude>
    <ClInclude Include="Box.h">
      <Filter>Header Files</Filter>
    </ClInclude>
    <ClInclude Include="Utils.h">
      <Filter>Header Files</Filter>
    </ClInclude>
    <ClInclude Include="TreeWrapper.h">
      <Filter>Header Files</Filter>
    </ClInclude>
    <ClInclude Include="BoxBase.h">
      <Filter>Header Files</Filter>
    </ClInclude>
    <ClInclude Include="Node.h">
      <Filter>Header Files</Filter>
    </ClInclude>
    <ClInclude Include="MemoryPool.h">
      <Filter>Header Files</Filter>
    </ClInclude>
    <ClInclude Include="OpenGL\Libraries\include\stb\stb_image.h">
      <Filter>OpenGL\Libraries\include\stb</Filter>
    </ClInclude>
    <ClInclude Include="OpenGL\Renderer.h">
      <Filter>OpenGL\Header Files</Filter>
    </ClInclude>
    <ClInclude Include="OpenGL\Shader.h">
      <Filter>OpenGL\Header Files</Filter>
    </ClInclude>
    <ClInclude Include="OpenGL\Texture.h">
      <Filter>OpenGL\Header Files</Filter>
    </ClInclude>
    <ClInclude Include="OpenGL\VAO.h">
      <Filter>OpenGL\Header Files</Filter>
    </ClInclude>
    <ClInclude Include="OpenGL\VBO.h">
      <Filter>OpenGL\Header Files</Filter>
    </ClInclude>
    <ClInclude Include="OpenGL\EBO.h">
      <Filter>OpenGL\Header Files</Filter>
    </ClInclude>
    <ClInclude Include="OpenGL\Camera.h">
      <Filter>OpenGL\Header Files</Filter>
    </ClInclude>
    <ClInclude Include="RenderGroup.h">
      <Filter>Header Files</Filter>
    </ClInclude>
    <ClInclude Include="GFX.h">
      <Filter>Header Files</Filter>
    </ClInclude>
  </ItemGroup>
  <ItemGroup>
    <ClCompile Include="Tree.tpp">
      <Filter>Source Files</Filter>
    </ClCompile>
    <ClCompile Include="main.cpp">
      <Filter>Source Files</Filter>
    </ClCompile>
    <ClCompile Include="Box.cpp">
      <Filter>Source Files</Filter>
    </ClCompile>
    <ClCompile Include="Utils.cpp">
      <Filter>Source Files</Filter>
    </ClCompile>
    <ClCompile Include="TreeWrapper.tpp">
      <Filter>Source Files</Filter>
    </ClCompile>
    <ClCompile Include="BoxBase.cpp">
      <Filter>Source Files</Filter>
    </ClCompile>
    <ClCompile Include="Node.tpp">
      <Filter>Source Files</Filter>
    </ClCompile>
    <ClCompile Include="MemoryPool.cpp">
      <Filter>Source Files</Filter>
    </ClCompile>
    <ClCompile Include="OpenGL\Renderer.cpp">
      <Filter>OpenGL\Source Files</Filter>
    </ClCompile>
    <ClCompile Include="OpenGL\Shader.cpp">
      <Filter>OpenGL\Source Files</Filter>
    </ClCompile>
    <ClCompile Include="OpenGL\stb.cpp">
      <Filter>OpenGL\Source Files</Filter>
    </ClCompile>
    <ClCompile Include="OpenGL\Texture.cpp">
      <Filter>OpenGL\Source Files</Filter>
    </ClCompile>
    <ClCompile Include="OpenGL\VAO.cpp">
      <Filter>OpenGL\Source Files</Filter>
    </ClCompile>
    <ClCompile Include="OpenGL\VBO.cpp">
      <Filter>OpenGL\Source Files</Filter>
    </ClCompile>
    <ClCompile Include="OpenGL\Camera.cpp">
      <Filter>OpenGL\Source Files</Filter>
    </ClCompile>
    <ClCompile Include="OpenGL\EBO.cpp">
      <Filter>OpenGL\Source Files</Filter>
    </ClCompile>
    <ClCompile Include="RenderGroup.cpp">
      <Filter>Source Files</Filter>
    </ClCompile>
    <ClCompile Include="GFX.cpp">
      <Filter>Source Files</Filter>
    </ClCompile>
  </ItemGroup>
  <ItemGroup>
    <None Include="Data\Earth_Moon_Sun.json">
      <Filter>Data</Filter>
    </None>
    <None Include="Data\Earth-Moon.json">
      <Filter>Data</Filter>
    </None>
    <None Include="Data\noplot.json">
      <Filter>Data</Filter>
    </None>
    <None Include="Data\noplot2.json">
      <Filter>Data</Filter>
    </None>
    <None Include="Data\random_bodies - Copy.json">
      <Filter>Data</Filter>
    </None>
    <None Include="Data\random_bodies.json">
      <Filter>Data</Filter>
    </None>
    <None Include="Data\test_bodies-1.json">
      <Filter>Data</Filter>
    </None>
    <None Include="Data\Two_Earths.json">
      <Filter>Data</Filter>
    </None>
    <None Include="OpenGL\default.frag">
      <Filter>OpenGL\Resources\Shaders</Filter>
    </None>
    <None Include="OpenGL\default.vert">
      <Filter>OpenGL\Resources\Shaders</Filter>
    </None>
    <None Include="OpenGL\BlackHole.frag">
      <Filter>OpenGL\Resources\Shaders</Filter>
    </None>
    <None Include="OpenGL\Comet.frag">
      <Filter>OpenGL\Resources\Shaders</Filter>
    </None>
    <None Include="OpenGL\Planet.frag">
      <Filter>OpenGL\Resources\Shaders</Filter>
    </None>
    <None Include="OpenGL\star.frag">
      <Filter>OpenGL\Resources\Shaders</Filter>
    </None>
    <None Include="OpenGL\WormHole.frag">
      <Filter>OpenGL\Resources\Shaders</Filter>
    </None>
  </ItemGroup>
  <ItemGroup>
    <Image Include="OpenGL\pop_cat.png">
      <Filter>OpenGL</Filter>
    </Image>
  </ItemGroup>
</Project>